// !$*UTF8*$!
{
	archiveVersion = 1;
	classes = {
	};
	objectVersion = 50;
	objects = {

/* Begin PBXBuildFile section */
		2C38457D26D27B1C00F370CB /* GoogleService-Info.plist in Resources */ = {isa = PBXBuildFile; fileRef = 2C38457C26D27B1C00F370CB /* GoogleService-Info.plist */; };
		2C79CE502658FABD007982C4 /* AppDelegate.swift in Sources */ = {isa = PBXBuildFile; fileRef = 2C79CE4F2658FABD007982C4 /* AppDelegate.swift */; };
		2C79CE522658FABD007982C4 /* SceneDelegate.swift in Sources */ = {isa = PBXBuildFile; fileRef = 2C79CE512658FABD007982C4 /* SceneDelegate.swift */; };
		2C79CE542658FABD007982C4 /* ConversationsViewController.swift in Sources */ = {isa = PBXBuildFile; fileRef = 2C79CE532658FABD007982C4 /* ConversationsViewController.swift */; };
		2C79CE572658FABD007982C4 /* Main.storyboard in Resources */ = {isa = PBXBuildFile; fileRef = 2C79CE552658FABD007982C4 /* Main.storyboard */; };
		2C79CE592658FABE007982C4 /* Assets.xcassets in Resources */ = {isa = PBXBuildFile; fileRef = 2C79CE582658FABE007982C4 /* Assets.xcassets */; };
		2C79CE5C2658FABE007982C4 /* LaunchScreen.storyboard in Resources */ = {isa = PBXBuildFile; fileRef = 2C79CE5A2658FABE007982C4 /* LaunchScreen.storyboard */; };
		2C79CE6C2658FD8C007982C4 /* LoginViewController.swift in Sources */ = {isa = PBXBuildFile; fileRef = 2C79CE6B2658FD8C007982C4 /* LoginViewController.swift */; };
		2C79CE6F2658FDA3007982C4 /* RegisterViewController.swift in Sources */ = {isa = PBXBuildFile; fileRef = 2C79CE6E2658FDA3007982C4 /* RegisterViewController.swift */; };
		2C79CE712658FDBB007982C4 /* PhotoViewerViewController.swift in Sources */ = {isa = PBXBuildFile; fileRef = 2C79CE702658FDBB007982C4 /* PhotoViewerViewController.swift */; };
		2C79CE732658FDC6007982C4 /* VideoPlayerViewController.swift in Sources */ = {isa = PBXBuildFile; fileRef = 2C79CE722658FDC6007982C4 /* VideoPlayerViewController.swift */; };
		2C79CE752658FDE3007982C4 /* NewConversationViewController.swift in Sources */ = {isa = PBXBuildFile; fileRef = 2C79CE742658FDE3007982C4 /* NewConversationViewController.swift */; };
		2C79CE782658FE00007982C4 /* ProfileViewController.swift in Sources */ = {isa = PBXBuildFile; fileRef = 2C79CE772658FE00007982C4 /* ProfileViewController.swift */; };
		2C79CE7B265903CC007982C4 /* Extensions.swift in Sources */ = {isa = PBXBuildFile; fileRef = 2C79CE7A265903CC007982C4 /* Extensions.swift */; };
		818D5833AD2059FA699750AB /* Pods_Messenger.framework in Frameworks */ = {isa = PBXBuildFile; fileRef = C99F729827D34F2D91EFF7C1 /* Pods_Messenger.framework */; };
/* End PBXBuildFile section */

/* Begin PBXFileReference section */
		1A3567DA4DAE45B199B10E11 /* Pods-Messenger.debug.xcconfig */ = {isa = PBXFileReference; includeInIndex = 1; lastKnownFileType = text.xcconfig; name = "Pods-Messenger.debug.xcconfig"; path = "Target Support Files/Pods-Messenger/Pods-Messenger.debug.xcconfig"; sourceTree = "<group>"; };
		2C38457C26D27B1C00F370CB /* GoogleService-Info.plist */ = {isa = PBXFileReference; fileEncoding = 4; lastKnownFileType = text.plist.xml; name = "GoogleService-Info.plist"; path = "../../../../Downloads/GoogleService-Info.plist"; sourceTree = "<group>"; };
		2C79CE4C2658FABD007982C4 /* Messenger.app */ = {isa = PBXFileReference; explicitFileType = wrapper.application; includeInIndex = 0; path = Messenger.app; sourceTree = BUILT_PRODUCTS_DIR; };
		2C79CE4F2658FABD007982C4 /* AppDelegate.swift */ = {isa = PBXFileReference; lastKnownFileType = sourcecode.swift; path = AppDelegate.swift; sourceTree = "<group>"; };
		2C79CE512658FABD007982C4 /* SceneDelegate.swift */ = {isa = PBXFileReference; lastKnownFileType = sourcecode.swift; path = SceneDelegate.swift; sourceTree = "<group>"; };
		2C79CE532658FABD007982C4 /* ConversationsViewController.swift */ = {isa = PBXFileReference; lastKnownFileType = sourcecode.swift; path = ConversationsViewController.swift; sourceTree = "<group>"; };
		2C79CE562658FABD007982C4 /* Base */ = {isa = PBXFileReference; lastKnownFileType = file.storyboard; name = Base; path = Base.lproj/Main.storyboard; sourceTree = "<group>"; };
		2C79CE582658FABE007982C4 /* Assets.xcassets */ = {isa = PBXFileReference; lastKnownFileType = folder.assetcatalog; path = Assets.xcassets; sourceTree = "<group>"; };
		2C79CE5B2658FABE007982C4 /* Base */ = {isa = PBXFileReference; lastKnownFileType = file.storyboard; name = Base; path = Base.lproj/LaunchScreen.storyboard; sourceTree = "<group>"; };
		2C79CE5D2658FABE007982C4 /* Info.plist */ = {isa = PBXFileReference; lastKnownFileType = text.plist.xml; path = Info.plist; sourceTree = "<group>"; };
		2C79CE6B2658FD8C007982C4 /* LoginViewController.swift */ = {isa = PBXFileReference; lastKnownFileType = sourcecode.swift; path = LoginViewController.swift; sourceTree = "<group>"; };
		2C79CE6E2658FDA3007982C4 /* RegisterViewController.swift */ = {isa = PBXFileReference; lastKnownFileType = sourcecode.swift; path = RegisterViewController.swift; sourceTree = "<group>"; };
		2C79CE702658FDBB007982C4 /* PhotoViewerViewController.swift */ = {isa = PBXFileReference; lastKnownFileType = sourcecode.swift; path = PhotoViewerViewController.swift; sourceTree = "<group>"; };
		2C79CE722658FDC6007982C4 /* VideoPlayerViewController.swift */ = {isa = PBXFileReference; lastKnownFileType = sourcecode.swift; path = VideoPlayerViewController.swift; sourceTree = "<group>"; };
		2C79CE742658FDE3007982C4 /* NewConversationViewController.swift */ = {isa = PBXFileReference; lastKnownFileType = sourcecode.swift; path = NewConversationViewController.swift; sourceTree = "<group>"; };
		2C79CE772658FE00007982C4 /* ProfileViewController.swift */ = {isa = PBXFileReference; lastKnownFileType = sourcecode.swift; path = ProfileViewController.swift; sourceTree = "<group>"; };
		2C79CE7A265903CC007982C4 /* Extensions.swift */ = {isa = PBXFileReference; lastKnownFileType = sourcecode.swift; path = Extensions.swift; sourceTree = "<group>"; };
		589A6FBC4967322BA795A4B4 /* Pods-Messenger.release.xcconfig */ = {isa = PBXFileReference; includeInIndex = 1; lastKnownFileType = text.xcconfig; name = "Pods-Messenger.release.xcconfig"; path = "Target Support Files/Pods-Messenger/Pods-Messenger.release.xcconfig"; sourceTree = "<group>"; };
		C99F729827D34F2D91EFF7C1 /* Pods_Messenger.framework */ = {isa = PBXFileReference; explicitFileType = wrapper.framework; includeInIndex = 0; path = Pods_Messenger.framework; sourceTree = BUILT_PRODUCTS_DIR; };
/* End PBXFileReference section */

/* Begin PBXFrameworksBuildPhase section */
		2C79CE492658FABD007982C4 /* Frameworks */ = {
			isa = PBXFrameworksBuildPhase;
			buildActionMask = 2147483647;
			files = (
				818D5833AD2059FA699750AB /* Pods_Messenger.framework in Frameworks */,
			);
			runOnlyForDeploymentPostprocessing = 0;
		};
/* End PBXFrameworksBuildPhase section */

/* Begin PBXGroup section */
		2C79CE432658FABD007982C4 = {
			isa = PBXGroup;
			children = (
				2C79CE4E2658FABD007982C4 /* Messenger */,
				2C79CE4D2658FABD007982C4 /* Products */,
				5135C126A34A80AEFD891AEC /* Pods */,
				2D7DF4A12D96D9B4B0B5C160 /* Frameworks */,
			);
			sourceTree = "<group>";
		};
		2C79CE4D2658FABD007982C4 /* Products */ = {
			isa = PBXGroup;
			children = (
				2C79CE4C2658FABD007982C4 /* Messenger.app */,
			);
			name = Products;
			sourceTree = "<group>";
		};
		2C79CE4E2658FABD007982C4 /* Messenger */ = {
			isa = PBXGroup;
			children = (
				2C38457C26D27B1C00F370CB /* GoogleService-Info.plist */,
				2C79CE652658FC0B007982C4 /* Resources */,
				2C79CE662658FC1D007982C4 /* ViewModels */,
				2C79CE672658FC25007982C4 /* Models */,
				2C79CE682658FC2F007982C4 /* Views */,
				2C79CE692658FC37007982C4 /* Controllers */,
				2C79CE5D2658FABE007982C4 /* Info.plist */,
			);
			path = Messenger;
			sourceTree = "<group>";
		};
		2C79CE652658FC0B007982C4 /* Resources */ = {
			isa = PBXGroup;
			children = (
				2C79CE4F2658FABD007982C4 /* AppDelegate.swift */,
				2C79CE512658FABD007982C4 /* SceneDelegate.swift */,
				2C79CE7A265903CC007982C4 /* Extensions.swift */,
			);
			path = Resources;
			sourceTree = "<group>";
		};
		2C79CE662658FC1D007982C4 /* ViewModels */ = {
			isa = PBXGroup;
			children = (
			);
			path = ViewModels;
			sourceTree = "<group>";
		};
		2C79CE672658FC25007982C4 /* Models */ = {
			isa = PBXGroup;
			children = (
			);
			path = Models;
			sourceTree = "<group>";
		};
		2C79CE682658FC2F007982C4 /* Views */ = {
			isa = PBXGroup;
			children = (
				2C79CE6A2658FCB6007982C4 /* Storyboards */,
				2C79CE582658FABE007982C4 /* Assets.xcassets */,
			);
			path = Views;
			sourceTree = "<group>";
		};
		2C79CE692658FC37007982C4 /* Controllers */ = {
			isa = PBXGroup;
			children = (
				2C79CE532658FABD007982C4 /* ConversationsViewController.swift */,
				2C79CE792658FEBF007982C4 /* Login */,
				2C79CE702658FDBB007982C4 /* PhotoViewerViewController.swift */,
				2C79CE722658FDC6007982C4 /* VideoPlayerViewController.swift */,
				2C79CE742658FDE3007982C4 /* NewConversationViewController.swift */,
				2C79CE772658FE00007982C4 /* ProfileViewController.swift */,
			);
			path = Controllers;
			sourceTree = "<group>";
		};
		2C79CE6A2658FCB6007982C4 /* Storyboards */ = {
			isa = PBXGroup;
			children = (
				2C79CE5A2658FABE007982C4 /* LaunchScreen.storyboard */,
				2C79CE552658FABD007982C4 /* Main.storyboard */,
			);
			path = Storyboards;
			sourceTree = "<group>";
		};
		2C79CE792658FEBF007982C4 /* Login */ = {
			isa = PBXGroup;
			children = (
				2C79CE6B2658FD8C007982C4 /* LoginViewController.swift */,
				2C79CE6E2658FDA3007982C4 /* RegisterViewController.swift */,
			);
			path = Login;
			sourceTree = "<group>";
		};
		2D7DF4A12D96D9B4B0B5C160 /* Frameworks */ = {
			isa = PBXGroup;
			children = (
				C99F729827D34F2D91EFF7C1 /* Pods_Messenger.framework */,
			);
			name = Frameworks;
			sourceTree = "<group>";
		};
		5135C126A34A80AEFD891AEC /* Pods */ = {
			isa = PBXGroup;
			children = (
				1A3567DA4DAE45B199B10E11 /* Pods-Messenger.debug.xcconfig */,
				589A6FBC4967322BA795A4B4 /* Pods-Messenger.release.xcconfig */,
			);
			name = Pods;
			path = Pods;
			sourceTree = "<group>";
		};
/* End PBXGroup section */

/* Begin PBXNativeTarget section */
		2C79CE4B2658FABD007982C4 /* Messenger */ = {
			isa = PBXNativeTarget;
			buildConfigurationList = 2C79CE602658FABE007982C4 /* Build configuration list for PBXNativeTarget "Messenger" */;
			buildPhases = (
				69F98E2EE3C342653484931E /* [CP] Check Pods Manifest.lock */,
				2C79CE482658FABD007982C4 /* Sources */,
				2C79CE492658FABD007982C4 /* Frameworks */,
				2C79CE4A2658FABD007982C4 /* Resources */,
				91AD7A33B7315456621DE2D3 /* [CP] Embed Pods Frameworks */,
			);
			buildRules = (
			);
			dependencies = (
			);
			name = Messenger;
			productName = Messenger;
			productReference = 2C79CE4C2658FABD007982C4 /* Messenger.app */;
			productType = "com.apple.product-type.application";
		};
/* End PBXNativeTarget section */

/* Begin PBXProject section */
		2C79CE442658FABD007982C4 /* Project object */ = {
			isa = PBXProject;
			attributes = {
				LastSwiftUpdateCheck = 1250;
				LastUpgradeCheck = 1250;
				TargetAttributes = {
					2C79CE4B2658FABD007982C4 = {
						CreatedOnToolsVersion = 12.5;
					};
				};
			};
			buildConfigurationList = 2C79CE472658FABD007982C4 /* Build configuration list for PBXProject "Messenger" */;
			compatibilityVersion = "Xcode 9.3";
			developmentRegion = en;
			hasScannedForEncodings = 0;
			knownRegions = (
				en,
				Base,
			);
			mainGroup = 2C79CE432658FABD007982C4;
			productRefGroup = 2C79CE4D2658FABD007982C4 /* Products */;
			projectDirPath = "";
			projectRoot = "";
			targets = (
				2C79CE4B2658FABD007982C4 /* Messenger */,
			);
		};
/* End PBXProject section */

/* Begin PBXResourcesBuildPhase section */
		2C79CE4A2658FABD007982C4 /* Resources */ = {
			isa = PBXResourcesBuildPhase;
			buildActionMask = 2147483647;
			files = (
				2C79CE5C2658FABE007982C4 /* LaunchScreen.storyboard in Resources */,
				2C38457D26D27B1C00F370CB /* GoogleService-Info.plist in Resources */,
				2C79CE592658FABE007982C4 /* Assets.xcassets in Resources */,
				2C79CE572658FABD007982C4 /* Main.storyboard in Resources */,
			);
			runOnlyForDeploymentPostprocessing = 0;
		};
/* End PBXResourcesBuildPhase section */

/* Begin PBXShellScriptBuildPhase section */
		69F98E2EE3C342653484931E /* [CP] Check Pods Manifest.lock */ = {
			isa = PBXShellScriptBuildPhase;
			buildActionMask = 2147483647;
			files = (
			);
			inputFileListPaths = (
			);
			inputPaths = (
				"${PODS_PODFILE_DIR_PATH}/Podfile.lock",
				"${PODS_ROOT}/Manifest.lock",
			);
			name = "[CP] Check Pods Manifest.lock";
			outputFileListPaths = (
			);
			outputPaths = (
				"$(DERIVED_FILE_DIR)/Pods-Messenger-checkManifestLockResult.txt",
			);
			runOnlyForDeploymentPostprocessing = 0;
			shellPath = /bin/sh;
			shellScript = "diff \"${PODS_PODFILE_DIR_PATH}/Podfile.lock\" \"${PODS_ROOT}/Manifest.lock\" > /dev/null\nif [ $? != 0 ] ; then\n    # print error to STDERR\n    echo \"error: The sandbox is not in sync with the Podfile.lock. Run 'pod install' or update your CocoaPods installation.\" >&2\n    exit 1\nfi\n# This output is used by Xcode 'outputs' to avoid re-running this script phase.\necho \"SUCCESS\" > \"${SCRIPT_OUTPUT_FILE_0}\"\n";
			showEnvVarsInLog = 0;
		};
		91AD7A33B7315456621DE2D3 /* [CP] Embed Pods Frameworks */ = {
			isa = PBXShellScriptBuildPhase;
			buildActionMask = 2147483647;
			files = (
			);
			inputFileListPaths = (
				"${PODS_ROOT}/Target Support Files/Pods-Messenger/Pods-Messenger-frameworks-${CONFIGURATION}-input-files.xcfilelist",
			);
			name = "[CP] Embed Pods Frameworks";
			outputFileListPaths = (
				"${PODS_ROOT}/Target Support Files/Pods-Messenger/Pods-Messenger-frameworks-${CONFIGURATION}-output-files.xcfilelist",
			);
			runOnlyForDeploymentPostprocessing = 0;
			shellPath = /bin/sh;
			shellScript = "\"${PODS_ROOT}/Target Support Files/Pods-Messenger/Pods-Messenger-frameworks.sh\"\n";
			showEnvVarsInLog = 0;
		};
/* End PBXShellScriptBuildPhase section */

/* Begin PBXSourcesBuildPhase section */
		2C79CE482658FABD007982C4 /* Sources */ = {
			isa = PBXSourcesBuildPhase;
			buildActionMask = 2147483647;
			files = (
				2C79CE6C2658FD8C007982C4 /* LoginViewController.swift in Sources */,
				2C79CE6F2658FDA3007982C4 /* RegisterViewController.swift in Sources */,
				2C79CE752658FDE3007982C4 /* NewConversationViewController.swift in Sources */,
				2C79CE542658FABD007982C4 /* ConversationsViewController.swift in Sources */,
				2C79CE732658FDC6007982C4 /* VideoPlayerViewController.swift in Sources */,
				2C79CE7B265903CC007982C4 /* Extensions.swift in Sources */,
				2C79CE502658FABD007982C4 /* AppDelegate.swift in Sources */,
				2C79CE782658FE00007982C4 /* ProfileViewController.swift in Sources */,
				2C79CE522658FABD007982C4 /* SceneDelegate.swift in Sources */,
				2C79CE712658FDBB007982C4 /* PhotoViewerViewController.swift in Sources */,
			);
			runOnlyForDeploymentPostprocessing = 0;
		};
/* End PBXSourcesBuildPhase section */

/* Begin PBXVariantGroup section */
		2C79CE552658FABD007982C4 /* Main.storyboard */ = {
			isa = PBXVariantGroup;
			children = (
				2C79CE562658FABD007982C4 /* Base */,
			);
			name = Main.storyboard;
			sourceTree = "<group>";
		};
		2C79CE5A2658FABE007982C4 /* LaunchScreen.storyboard */ = {
			isa = PBXVariantGroup;
			children = (
				2C79CE5B2658FABE007982C4 /* Base */,
			);
			name = LaunchScreen.storyboard;
			sourceTree = "<group>";
		};
/* End PBXVariantGroup section */

/* Begin XCBuildConfiguration section */
		2C79CE5E2658FABE007982C4 /* Debug */ = {
			isa = XCBuildConfiguration;
			buildSettings = {
				ALWAYS_SEARCH_USER_PATHS = NO;
				CLANG_ANALYZER_NONNULL = YES;
				CLANG_ANALYZER_NUMBER_OBJECT_CONVERSION = YES_AGGRESSIVE;
				CLANG_CXX_LANGUAGE_STANDARD = "gnu++14";
				CLANG_CXX_LIBRARY = "libc++";
				CLANG_ENABLE_MODULES = YES;
				CLANG_ENABLE_OBJC_ARC = YES;
				CLANG_ENABLE_OBJC_WEAK = YES;
				CLANG_WARN_BLOCK_CAPTURE_AUTORELEASING = YES;
				CLANG_WARN_BOOL_CONVERSION = YES;
				CLANG_WARN_COMMA = YES;
				CLANG_WARN_CONSTANT_CONVERSION = YES;
				CLANG_WARN_DEPRECATED_OBJC_IMPLEMENTATIONS = YES;
				CLANG_WARN_DIRECT_OBJC_ISA_USAGE = YES_ERROR;
				CLANG_WARN_DOCUMENTATION_COMMENTS = YES;
				CLANG_WARN_EMPTY_BODY = YES;
				CLANG_WARN_ENUM_CONVERSION = YES;
				CLANG_WARN_INFINITE_RECURSION = YES;
				CLANG_WARN_INT_CONVERSION = YES;
				CLANG_WARN_NON_LITERAL_NULL_CONVERSION = YES;
				CLANG_WARN_OBJC_IMPLICIT_RETAIN_SELF = YES;
				CLANG_WARN_OBJC_LITERAL_CONVERSION = YES;
				CLANG_WARN_OBJC_ROOT_CLASS = YES_ERROR;
				CLANG_WARN_QUOTED_INCLUDE_IN_FRAMEWORK_HEADER = YES;
				CLANG_WARN_RANGE_LOOP_ANALYSIS = YES;
				CLANG_WARN_STRICT_PROTOTYPES = YES;
				CLANG_WARN_SUSPICIOUS_MOVE = YES;
				CLANG_WARN_UNGUARDED_AVAILABILITY = YES_AGGRESSIVE;
				CLANG_WARN_UNREACHABLE_CODE = YES;
				CLANG_WARN__DUPLICATE_METHOD_MATCH = YES;
				CODE_SIGN_IDENTITY = "iPhone Developer";
				COPY_PHASE_STRIP = NO;
				DEBUG_INFORMATION_FORMAT = dwarf;
				DEVELOPMENT_TEAM = X3M2QDVZ6C;
				ENABLE_STRICT_OBJC_MSGSEND = YES;
				ENABLE_TESTABILITY = YES;
				GCC_C_LANGUAGE_STANDARD = gnu11;
				GCC_DYNAMIC_NO_PIC = NO;
				GCC_NO_COMMON_BLOCKS = YES;
				GCC_OPTIMIZATION_LEVEL = 0;
				GCC_PREPROCESSOR_DEFINITIONS = (
					"DEBUG=1",
					"$(inherited)",
				);
				GCC_WARN_64_TO_32_BIT_CONVERSION = YES;
				GCC_WARN_ABOUT_RETURN_TYPE = YES_ERROR;
				GCC_WARN_UNDECLARED_SELECTOR = YES;
				GCC_WARN_UNINITIALIZED_AUTOS = YES_AGGRESSIVE;
				GCC_WARN_UNUSED_FUNCTION = YES;
				GCC_WARN_UNUSED_VARIABLE = YES;
				IPHONEOS_DEPLOYMENT_TARGET = 14.5;
				MTL_ENABLE_DEBUG_INFO = INCLUDE_SOURCE;
				MTL_FAST_MATH = YES;
				ONLY_ACTIVE_ARCH = YES;
				SDKROOT = iphoneos;
				SWIFT_ACTIVE_COMPILATION_CONDITIONS = DEBUG;
				SWIFT_OPTIMIZATION_LEVEL = "-Onone";
			};
			name = Debug;
		};
		2C79CE5F2658FABE007982C4 /* Release */ = {
			isa = XCBuildConfiguration;
			buildSettings = {
				ALWAYS_SEARCH_USER_PATHS = NO;
				CLANG_ANALYZER_NONNULL = YES;
				CLANG_ANALYZER_NUMBER_OBJECT_CONVERSION = YES_AGGRESSIVE;
				CLANG_CXX_LANGUAGE_STANDARD = "gnu++14";
				CLANG_CXX_LIBRARY = "libc++";
				CLANG_ENABLE_MODULES = YES;
				CLANG_ENABLE_OBJC_ARC = YES;
				CLANG_ENABLE_OBJC_WEAK = YES;
				CLANG_WARN_BLOCK_CAPTURE_AUTORELEASING = YES;
				CLANG_WARN_BOOL_CONVERSION = YES;
				CLANG_WARN_COMMA = YES;
				CLANG_WARN_CONSTANT_CONVERSION = YES;
				CLANG_WARN_DEPRECATED_OBJC_IMPLEMENTATIONS = YES;
				CLANG_WARN_DIRECT_OBJC_ISA_USAGE = YES_ERROR;
				CLANG_WARN_DOCUMENTATION_COMMENTS = YES;
				CLANG_WARN_EMPTY_BODY = YES;
				CLANG_WARN_ENUM_CONVERSION = YES;
				CLANG_WARN_INFINITE_RECURSION = YES;
				CLANG_WARN_INT_CONVERSION = YES;
				CLANG_WARN_NON_LITERAL_NULL_CONVERSION = YES;
				CLANG_WARN_OBJC_IMPLICIT_RETAIN_SELF = YES;
				CLANG_WARN_OBJC_LITERAL_CONVERSION = YES;
				CLANG_WARN_OBJC_ROOT_CLASS = YES_ERROR;
				CLANG_WARN_QUOTED_INCLUDE_IN_FRAMEWORK_HEADER = YES;
				CLANG_WARN_RANGE_LOOP_ANALYSIS = YES;
				CLANG_WARN_STRICT_PROTOTYPES = YES;
				CLANG_WARN_SUSPICIOUS_MOVE = YES;
				CLANG_WARN_UNGUARDED_AVAILABILITY = YES_AGGRESSIVE;
				CLANG_WARN_UNREACHABLE_CODE = YES;
				CLANG_WARN__DUPLICATE_METHOD_MATCH = YES;
				CODE_SIGN_IDENTITY = "iPhone Developer";
				COPY_PHASE_STRIP = NO;
				DEBUG_INFORMATION_FORMAT = "dwarf-with-dsym";
				DEVELOPMENT_TEAM = X3M2QDVZ6C;
				ENABLE_NS_ASSERTIONS = NO;
				ENABLE_STRICT_OBJC_MSGSEND = YES;
				GCC_C_LANGUAGE_STANDARD = gnu11;
				GCC_NO_COMMON_BLOCKS = YES;
				GCC_WARN_64_TO_32_BIT_CONVERSION = YES;
				GCC_WARN_ABOUT_RETURN_TYPE = YES_ERROR;
				GCC_WARN_UNDECLARED_SELECTOR = YES;
				GCC_WARN_UNINITIALIZED_AUTOS = YES_AGGRESSIVE;
				GCC_WARN_UNUSED_FUNCTION = YES;
				GCC_WARN_UNUSED_VARIABLE = YES;
				IPHONEOS_DEPLOYMENT_TARGET = 14.5;
				MTL_ENABLE_DEBUG_INFO = NO;
				MTL_FAST_MATH = YES;
				SDKROOT = iphoneos;
				SWIFT_COMPILATION_MODE = wholemodule;
				SWIFT_OPTIMIZATION_LEVEL = "-O";
				VALIDATE_PRODUCT = YES;
			};
			name = Release;
		};
		2C79CE612658FABE007982C4 /* Debug */ = {
			isa = XCBuildConfiguration;
			baseConfigurationReference = 1A3567DA4DAE45B199B10E11 /* Pods-Messenger.debug.xcconfig */;
			buildSettings = {
				ASSETCATALOG_COMPILER_APPICON_NAME = AppIcon;
				ASSETCATALOG_COMPILER_GLOBAL_ACCENT_COLOR_NAME = AccentColor;
				CODE_SIGN_STYLE = Automatic;
				DEVELOPMENT_TEAM = X3M2QDVZ6C;
				INFOPLIST_FILE = Messenger/Info.plist;
				IPHONEOS_DEPLOYMENT_TARGET = 13.0;
				LD_RUNPATH_SEARCH_PATHS = (
					"$(inherited)",
					"@executable_path/Frameworks",
				);
				PRODUCT_BUNDLE_IDENTIFIER = home.Messenger;
				PRODUCT_NAME = "$(TARGET_NAME)";
				SWIFT_VERSION = 5.0;
				TARGETED_DEVICE_FAMILY = "1,2";
			};
			name = Debug;
		};
		2C79CE622658FABE007982C4 /* Release */ = {
			isa = XCBuildConfiguration;
			baseConfigurationReference = 589A6FBC4967322BA795A4B4 /* Pods-Messenger.release.xcconfig */;
			buildSettings = {
				ASSETCATALOG_COMPILER_APPICON_NAME = AppIcon;
				ASSETCATALOG_COMPILER_GLOBAL_ACCENT_COLOR_NAME = AccentColor;
				CODE_SIGN_STYLE = Automatic;
				DEVELOPMENT_TEAM = X3M2QDVZ6C;
				INFOPLIST_FILE = Messenger/Info.plist;
				IPHONEOS_DEPLOYMENT_TARGET = 13.0;
				LD_RUNPATH_SEARCH_PATHS = (
					"$(inherited)",
					"@executable_path/Frameworks",
				);
				PRODUCT_BUNDLE_IDENTIFIER = home.Messenger;
				PRODUCT_NAME = "$(TARGET_NAME)";
				SWIFT_VERSION = 5.0;
				TARGETED_DEVICE_FAMILY = "1,2";
			};
			name = Release;
		};
/* End XCBuildConfiguration section */

/* Begin XCConfigurationList section */
		2C79CE472658FABD007982C4 /* Build configuration list for PBXProject "Messenger" */ = {
			isa = XCConfigurationList;
			buildConfigurations = (
				2C79CE5E2658FABE007982C4 /* Debug */,
				2C79CE5F2658FABE007982C4 /* Release */,
			);
			defaultConfigurationIsVisible = 0;
			defaultConfigurationName = Release;
		};
		2C79CE602658FABE007982C4 /* Build configuration list for PBXNativeTarget "Messenger" */ = {
			isa = XCConfigurationList;
			buildConfigurations = (
				2C79CE612658FABE007982C4 /* Debug */,
				2C79CE622658FABE007982C4 /* Release */,
			);
			defaultConfigurationIsVisible = 0;
			defaultConfigurationName = Release;
		};
/* End XCConfigurationList section */
	};
	rootObject = 2C79CE442658FABD007982C4 /* Project object */;
}
